
Microsoft Visual Studio Solution File, Format Version 12.00
# Visual Studio Version 16
VisualStudioVersion = 16.0.31702.278
MinimumVisualStudioVersion = 10.0.40219.1
Project("{FAE04EC0-301F-11D3-BF4B-00C04F79EFBC}") = "Lab2Var2_Kopt", "Lab2Var2_Kopt.csproj", "{3D65CE5C-7174-42CF-9357-35574C8CD030}"
EndProject
Global
	GlobalSection(SolutionConfigurationPlatforms) = preSolution
		Debug|Any CPU = Debug|Any CPU
		Release|Any CPU = Release|Any CPU
	EndGlobalSection
	GlobalSection(ProjectConfigurationPlatforms) = postSolution
		{3D65CE5C-7174-42CF-9357-35574C8CD030}.Debug|Any CPU.ActiveCfg = Debug|Any CPU
		{3D65CE5C-7174-42CF-9357-35574C8CD030}.Debug|Any CPU.Build.0 = Debug|Any CPU
		{3D65CE5C-7174-42CF-9357-35574C8CD030}.Release|Any CPU.ActiveCfg = Release|Any CPU
		{3D65CE5C-7174-42CF-9357-35574C8CD030}.Release|Any CPU.Build.0 = Release|Any CPU
	EndGlobalSection
	GlobalSection(SolutionProperties) = preSolution
		HideSolutionNode = FALSE
	EndGlobalSection
	GlobalSection(ExtensibilityGlobals) = postSolution
		SolutionGuid = {5A1F8473-6B4B-40FE-922E-7A290D2392DB}
	EndGlobalSection
EndGlobal
